
Microsoft Visual Studio Solution File, Format Version 12.00
# Visual Studio Version 17
VisualStudioVersion = 17.10.34928.147
MinimumVisualStudioVersion = 10.0.40219.1
Project("{FAE04EC0-301F-11D3-BF4B-00C04F79EFBC}") = "Voice Bot", "Voice Bot.csproj", "{B9975431-F030-4B7C-AB25-9BF9DF6C2BF3}"
EndProject
Global
	GlobalSection(SolutionConfigurationPlatforms) = preSolution
		Debug|Any CPU = Debug|Any CPU
		Release|Any CPU = Release|Any CPU
	EndGlobalSection
	GlobalSection(ProjectConfigurationPlatforms) = postSolution
		{B9975431-F030-4B7C-AB25-9BF9DF6C2BF3}.Debug|Any CPU.ActiveCfg = Debug|Any CPU
		{B9975431-F030-4B7C-AB25-9BF9DF6C2BF3}.Debug|Any CPU.Build.0 = Debug|Any CPU
		{B9975431-F030-4B7C-AB25-9BF9DF6C2BF3}.Release|Any CPU.ActiveCfg = Release|Any CPU
		{B9975431-F030-4B7C-AB25-9BF9DF6C2BF3}.Release|Any CPU.Build.0 = Release|Any CPU
	EndGlobalSection
	GlobalSection(SolutionProperties) = preSolution
		HideSolutionNode = FALSE
	EndGlobalSection
	GlobalSection(ExtensibilityGlobals) = postSolution
		SolutionGuid = {B0A06A8B-E4FC-4F7C-BB78-D24C41B6B2D5}
	EndGlobalSection
EndGlobal
